{
  "version": 4,
  "terraform_version": "1.13.0",
  "serial": 471,
  "lineage": "ef679606-75e5-97ef-9947-92f75b534fbf",
  "outputs": {
    "instance_ip": {
      "value": "13.38.97.51",
      "type": "string"
    }
  },
  "resources": [
    {
      "mode": "data",
      "type": "aws_ami",
      "name": "ubuntu",
      "provider": "provider[\"registry.terraform.io/hashicorp/aws\"]",
      "instances": [
        {
          "schema_version": 0,
          "attributes": {
            "allow_unsafe_filter": null,
            "architecture": "x86_64",
            "arn": "arn:aws:ec2:eu-west-3::image/ami-07aea1ab586508f0a",
            "block_device_mappings": [
              {
                "device_name": "/dev/sda1",
                "ebs": {
                  "delete_on_termination": "true",
                  "encrypted": "false",
                  "iops": "0",
                  "snapshot_id": "snap-0ca646f969578b390",
                  "throughput": "0",
                  "volume_initialization_rate": "0",
                  "volume_size": "8",
                  "volume_type": "gp2"
                },
                "no_device": "",
                "virtual_name": ""
              },
              {
                "device_name": "/dev/sdb",
                "ebs": {},
                "no_device": "",
                "virtual_name": "ephemeral0"
              },
              {
                "device_name": "/dev/sdc",
                "ebs": {},
                "no_device": "",
                "virtual_name": "ephemeral1"
              }
            ],
            "boot_mode": "uefi-preferred",
            "creation_date": "2025-10-01T06:46:28.000Z",
            "deprecation_time": "2027-10-01T06:46:28.000Z",
            "description": "Canonical, Ubuntu, 22.04, amd64 jammy image",
            "ena_support": true,
            "executable_users": null,
            "filter": [
              {
                "name": "name",
                "values": [
                  "ubuntu/images/hvm-ssd/ubuntu-jammy-22.04-amd64-server-*"
                ]
              },
              {
                "name": "virtualization-type",
                "values": [
                  "hvm"
                ]
              }
            ],
            "hypervisor": "xen",
            "id": "ami-07aea1ab586508f0a",
            "image_id": "ami-07aea1ab586508f0a",
            "image_location": "amazon/ubuntu/images/hvm-ssd/ubuntu-jammy-22.04-amd64-server-20251001",
            "image_owner_alias": "amazon",
            "image_type": "machine",
            "imds_support": "",
            "include_deprecated": false,
            "kernel_id": "",
            "last_launched_time": "",
            "most_recent": true,
            "name": "ubuntu/images/hvm-ssd/ubuntu-jammy-22.04-amd64-server-20251001",
            "name_regex": null,
            "owner_id": "099720109477",
            "owners": [
              "099720109477"
            ],
            "platform": "",
            "platform_details": "Linux/UNIX",
            "product_codes": [],
            "public": true,
            "ramdisk_id": "",
            "region": "eu-west-3",
            "root_device_name": "/dev/sda1",
            "root_device_type": "ebs",
            "root_snapshot_id": "snap-0ca646f969578b390",
            "sriov_net_support": "simple",
            "state": "available",
            "state_reason": {
              "code": "UNSET",
              "message": "UNSET"
            },
            "tags": {},
            "timeouts": null,
            "tpm_support": "",
            "uefi_data": null,
            "usage_operation": "RunInstances",
            "virtualization_type": "hvm"
          },
          "sensitive_attributes": [],
          "identity_schema_version": 0
        }
      ]
    },
    {
      "module": "module.ebs",
      "mode": "managed",
      "type": "aws_ebs_volume",
      "name": "this",
      "provider": "provider[\"registry.terraform.io/hashicorp/aws\"]",
      "instances": [
        {
          "schema_version": 0,
          "attributes": {
            "arn": "arn:aws:ec2:eu-west-3:619601630036:volume/vol-0100f0e92a0f9e8bf",
            "availability_zone": "eu-west-3a",
            "create_time": "2025-10-04T19:38:54Z",
            "encrypted": false,
            "final_snapshot": false,
            "id": "vol-0100f0e92a0f9e8bf",
            "iops": 120,
            "kms_key_id": "",
            "multi_attach_enabled": false,
            "outpost_arn": "",
            "region": "eu-west-3",
            "size": 40,
            "snapshot_id": "",
            "tags": {
              "Environnement": "development",
              "Name": "vm_dev-ebs",
              "Project": "vm_dev",
              "Stack": "my-terraform-stack"
            },
            "tags_all": {
              "Environnement": "development",
              "Name": "vm_dev-ebs",
              "Project": "vm_dev",
              "Stack": "my-terraform-stack"
            },
            "throughput": 0,
            "timeouts": null,
            "type": "gp2",
            "volume_initialization_rate": 0
          },
          "sensitive_attributes": [],
          "identity_schema_version": 0,
          "private": "eyJlMmJmYjczMC1lY2FhLTExZTYtOGY4OC0zNDM2M2JjN2M0YzAiOnsiY3JlYXRlIjozMDAwMDAwMDAwMDAsImRlbGV0ZSI6NjAwMDAwMDAwMDAwLCJ1cGRhdGUiOjMwMDAwMDAwMDAwMH19",
          "dependencies": [
            "data.aws_ami.ubuntu",
            "module.ec2.aws_instance.this",
            "module.security_group.aws_security_group.this"
          ]
        }
      ]
    },
    {
      "module": "module.ebs",
      "mode": "managed",
      "type": "aws_volume_attachment",
      "name": "this",
      "provider": "provider[\"registry.terraform.io/hashicorp/aws\"]",
      "instances": [
        {
          "schema_version": 0,
          "attributes": {
            "device_name": "/dev/sdh",
            "force_detach": null,
            "id": "vai-573949986",
            "instance_id": "i-0b047e54010b1a6da",
            "region": "eu-west-3",
            "skip_destroy": null,
            "stop_instance_before_detaching": null,
            "timeouts": null,
            "volume_id": "vol-0100f0e92a0f9e8bf"
          },
          "sensitive_attributes": [],
          "identity_schema_version": 0,
          "private": "eyJlMmJmYjczMC1lY2FhLTExZTYtOGY4OC0zNDM2M2JjN2M0YzAiOnsiY3JlYXRlIjozMDAwMDAwMDAwMDAsImRlbGV0ZSI6MzAwMDAwMDAwMDAwfX0=",
          "dependencies": [
            "data.aws_ami.ubuntu",
            "module.ebs.aws_ebs_volume.this",
            "module.ec2.aws_instance.this",
            "module.security_group.aws_security_group.this"
          ]
        }
      ]
    },
    {
      "module": "module.ec2",
      "mode": "managed",
      "type": "aws_instance",
      "name": "this",
      "provider": "provider[\"registry.terraform.io/hashicorp/aws\"]",
      "instances": [
        {
          "schema_version": 2,
          "attributes": {
            "ami": "ami-07aea1ab586508f0a",
            "arn": "arn:aws:ec2:eu-west-3:619601630036:instance/i-0b047e54010b1a6da",
            "associate_public_ip_address": true,
            "availability_zone": "eu-west-3a",
            "capacity_reservation_specification": [
              {
                "capacity_reservation_preference": "open",
                "capacity_reservation_target": []
              }
            ],
            "cpu_options": [
              {
                "amd_sev_snp": "",
                "core_count": 1,
                "threads_per_core": 2
              }
            ],
            "credit_specification": [
              {
                "cpu_credits": "unlimited"
              }
            ],
            "disable_api_stop": false,
            "disable_api_termination": false,
            "ebs_block_device": [],
            "ebs_optimized": false,
            "enable_primary_ipv6": null,
            "enclave_options": [
              {
                "enabled": false
              }
            ],
            "ephemeral_block_device": [],
            "force_destroy": false,
            "get_password_data": false,
            "hibernation": false,
            "host_id": "",
            "host_resource_group_arn": null,
            "iam_instance_profile": "",
            "id": "i-0b047e54010b1a6da",
            "instance_initiated_shutdown_behavior": "stop",
            "instance_lifecycle": "",
            "instance_market_options": [],
            "instance_state": "running",
            "instance_type": "t3.medium",
            "ipv6_address_count": 0,
            "ipv6_addresses": [],
            "key_name": "vm_dev",
            "launch_template": [],
            "maintenance_options": [
              {
                "auto_recovery": "default"
              }
            ],
            "metadata_options": [
              {
                "http_endpoint": "enabled",
                "http_protocol_ipv6": "disabled",
                "http_put_response_hop_limit": 1,
                "http_tokens": "optional",
                "instance_metadata_tags": "disabled"
              }
            ],
            "monitoring": false,
            "network_interface": [],
            "outpost_arn": "",
            "password_data": "",
            "placement_group": "",
            "placement_partition_number": 0,
            "primary_network_interface_id": "eni-062576aca084891fa",
            "private_dns": "ip-172-31-13-234.eu-west-3.compute.internal",
            "private_dns_name_options": [
              {
                "enable_resource_name_dns_a_record": false,
                "enable_resource_name_dns_aaaa_record": false,
                "hostname_type": "ip-name"
              }
            ],
            "private_ip": "172.31.13.234",
            "public_dns": "ec2-13-38-97-51.eu-west-3.compute.amazonaws.com",
            "public_ip": "13.38.97.51",
            "region": "eu-west-3",
            "root_block_device": [
              {
                "delete_on_termination": true,
                "device_name": "/dev/sda1",
                "encrypted": false,
                "iops": 100,
                "kms_key_id": "",
                "tags": {},
                "tags_all": {},
                "throughput": 0,
                "volume_id": "vol-0f7f576fbcdd1c0a9",
                "volume_size": 8,
                "volume_type": "gp2"
              }
            ],
            "secondary_private_ips": [],
            "security_groups": [
              "my-security-group"
            ],
            "source_dest_check": true,
            "spot_instance_request_id": "",
            "subnet_id": "subnet-09512a2b1a7db8d84",
            "tags": {
              "Environnement": "development",
              "Name": "vm_dev-ec2",
              "Project": "vm_dev"
            },
            "tags_all": {
              "Environnement": "development",
              "Name": "vm_dev-ec2",
              "Project": "vm_dev"
            },
            "tenancy": "default",
            "timeouts": null,
            "user_data": null,
            "user_data_base64": null,
            "user_data_replace_on_change": false,
            "volume_tags": null,
            "vpc_security_group_ids": [
              "sg-0e4e633e88c13bc3a"
            ]
          },
          "sensitive_attributes": [],
          "identity_schema_version": 0,
          "private": "eyJlMmJmYjczMC1lY2FhLTExZTYtOGY4OC0zNDM2M2JjN2M0YzAiOnsiY3JlYXRlIjo2MDAwMDAwMDAwMDAsImRlbGV0ZSI6MTIwMDAwMDAwMDAwMCwicmVhZCI6OTAwMDAwMDAwMDAwLCJ1cGRhdGUiOjYwMDAwMDAwMDAwMH0sInNjaGVtYV92ZXJzaW9uIjoiMiJ9",
          "dependencies": [
            "data.aws_ami.ubuntu",
            "module.security_group.aws_security_group.this"
          ]
        }
      ]
    },
    {
      "module": "module.keypair",
      "mode": "managed",
      "type": "aws_key_pair",
      "name": "this",
      "provider": "provider[\"registry.terraform.io/hashicorp/aws\"]",
      "instances": [
        {
          "schema_version": 1,
          "attributes": {
            "arn": "arn:aws:ec2:eu-west-3:619601630036:key-pair/vm_dev",
            "fingerprint": "35:d0:9a:c8:bb:71:9e:2f:8b:8f:71:ab:fd:c7:87:b7",
            "id": "vm_dev",
            "key_name": "vm_dev",
            "key_name_prefix": "",
            "key_pair_id": "key-040a956703e8d0b89",
            "key_type": "rsa",
            "public_key": "ssh-rsa AAAAB3NzaC1yc2EAAAADAQABAAABAQDKO9btV8+NtkFsLUUHt5HRycByZV7y/MG0EpS8ZGRSlS1Bum5p98bjmmbEWZX9HgvKLZOUe55EeJawGjdcS1biDIUa0Ook2Pj5N7FXzChAw26lpbSqRK4L5W+kKYDv1rF9lO45B1kUurV7Q2L6iIkR5cU38af9UJ1SVvzEhPwZsSYRDYLnzTsfOXxsLKdsXA38qY4f3klyJLw5v4ZSRLVhguQeCE1cHnp3T4ExIhbqNagp7rNi7fF4O5W8hETU5Oof6OrT/6VI2OtnOJfkpxNLuHTgZu5wwgR/2f9blkQgdsb4waQsXct6ACvPhSEpIYAgoD2InBaCYc67GzyjLlwN",
            "region": "eu-west-3",
            "tags": null,
            "tags_all": {}
          },
          "sensitive_attributes": [],
          "identity_schema_version": 0,
          "private": "eyJzY2hlbWFfdmVyc2lvbiI6IjEifQ==",
          "dependencies": [
            "module.keypair.tls_private_key.this"
          ]
        }
      ]
    },
    {
      "module": "module.keypair",
      "mode": "managed",
      "type": "local_file",
      "name": "this",
      "provider": "provider[\"registry.terraform.io/hashicorp/local\"]",
      "instances": [
        {
          "schema_version": 0,
          "attributes": {
            "content": "-----BEGIN RSA PRIVATE KEY-----\nMIIEogIBAAKCAQEAyjvW7VfPjbZBbC1FB7eR0cnAcmVe8vzBtBKUvGRkUpUtQbpu\naffG45pmxFmV/R4Lyi2TlHueRHiWsBo3XEtW4gyFGtDqJNj4+TexV8woQMNupaW0\nqkSuC+VvpCmA79axfZTuOQdZFLq1e0Ni+oiJEeXFN/Gn/VCdUlb8xIT8GbEmEQ2C\n5807Hzl8bCynbFwN/KmOH95JciS8Ob+GUkS1YYLkHghNXB56d0+BMSIW6jWoKe6z\nYu3xeDuVvIRE1OTqH+jq0/+lSNjrZziX5KcTS7h04GbucMIEf9n/W5ZEIHbG+MGk\nLF3LegArz4UhKSGAIKA9iJwWgmHOuxs8oy5cDQIDAQABAoIBABb6MzfL8nw+mR1S\nNsB4i3FYvmxg9yedhIv8pniR4XzT5TdNbYPNuq5xLxGfv3UUXQY6JRqe7Fhe6SQW\nE8nWkjG5zBput9kQQULeSzXXWjrNhFH+y1GjNFvhVCIZ8xk3p/qa7sbSU708CihN\n+5N36uGlMmy3oLzH1DAe9mDaXo2z3pgtL2Y2kreGjTZsC2ZAztpLo2g8xmj7ioe0\nkCYfIIbcAGAJJgwvjSW0qouSFkJLvJK/le6g8/6g3bUurrQJFs0QV8YtdnS6qPqS\nvuKipkcC6Mjx2CUPrDj3+NlCcXz3QKNrZPIo/4bsJJPYww3iiXl/yAMWz4xbrohh\nAvctu2MCgYEA0t9w3MxxDpQnz6Yz/h8H2CO89JmFAAJLH/zk1B3+7YG1NTIY7PoU\nf0L+5qcm//dRby0wnxidmYcQh+kOjJscJab0hvMdjCZ7SP043aYBktsVEiN/XiV6\nHB7UHqLPQskaVsGwpy5dwBJKr2WcpMPuOUj5T8ZxNuveaXhT1kq4bc8CgYEA9YMc\nntbHRrKHNliiPdqfwcm798Jb1OcE1k2PT6/37AIYvQt6Xd4RSvOeL2n0+dDQsv8/\nLROi39xrOXD1eWxHUJbNl5AAZ8ciWDJS+AqTnZgylIIU2zqPrYtGcEAyQE5JtYT8\n3QLWllCfYSxuOloQUSZCVQj3ypH2IaZ5VWmcC2MCgYAx0Kse3gUPRpypB0BdFgOK\nYdbviZzLxb7tjZaZLYTdorimGnGc+e8BqVgCMRabfVd1hh1oWC5S6H9VPA891B6w\nHmLBxokCZMzXD0rxwZe5k5vErzIVkZDpN7cwjZGc21kniZYryF5JU4jlKoH4wnhy\ne/S5jc2NBeeCzvQvOXOcLQKBgAgJF4m3W+RbeYN02TKPEkWEdcuBKAJK4WSmOzeP\nedzWoLqnQoUJ/KToXlgM7sCybfI92nJ+Pwl2rGe/47jqq1be6LG6O9kpsl0SoJaP\nug8haR5lN4uJWiSC93Y7E6n5Jf5z8NbG/gEDeIP0sVLlmb0eNHOWDI4rwtONIFGE\nWGAjAoGACClizpMtq/8Fafqps1/PQ+LpOeemmc96OT8Tl3ho3qNywVYy9/eqGHSS\nFS41UzZQCA7Ffjk9lfn2ioBXUnR6lyj0h5WqL1Y6bB2zut1RJhkODHvRUh0r8VAC\nc8AZt7if8OeZY6PYNGekJ4JTudIV+hTqlYZcM0Bqx7n/ks4niqs=\n-----END RSA PRIVATE KEY-----\n",
            "content_base64": null,
            "content_base64sha256": "UE3wCx0Rry9F5K1RMMfTHv70LGgdIvY9KsmWpIFki+Y=",
            "content_base64sha512": "rq+eAmYxqJpVNRl6cK0GEJaq+VR3/1r8A1qBjYNF8jbaU97mxA9WU+eLuOy07MHILEBhFUEBAVModMWcBCjcgQ==",
            "content_md5": "bda51c1340aca34a657dc8a4c152e4ef",
            "content_sha1": "a7c969f4d4e6f035f36ea9ee00721efd9947d252",
            "content_sha256": "504df00b1d11af2f45e4ad5130c7d31efef42c681d22f63d2ac996a481648be6",
            "content_sha512": "aeaf9e026631a89a5535197a70ad061096aaf95477ff5afc035a818d8345f236da53dee6c40f5653e78bb8ecb4ecc1c82c406115410101532874c59c0428dc81",
            "directory_permission": "0777",
            "file_permission": "0400",
            "filename": "./key/vm_dev.pem",
            "id": "a7c969f4d4e6f035f36ea9ee00721efd9947d252",
            "sensitive_content": null,
            "source": null
          },
          "sensitive_attributes": [
            [
              {
                "type": "get_attr",
                "value": "content"
              }
            ],
            [
              {
                "type": "get_attr",
                "value": "sensitive_content"
              }
            ]
          ],
          "identity_schema_version": 0,
          "dependencies": [
            "module.keypair.tls_private_key.this"
          ]
        }
      ]
    },
    {
      "module": "module.keypair",
      "mode": "managed",
      "type": "tls_private_key",
      "name": "this",
      "provider": "provider[\"registry.terraform.io/hashicorp/tls\"]",
      "instances": [
        {
          "schema_version": 1,
          "attributes": {
            "algorithm": "RSA",
            "ecdsa_curve": "P224",
            "id": "7762e885b9dfcb1ceba2b9892b4117c149c50b9c",
            "private_key_openssh": "-----BEGIN OPENSSH PRIVATE KEY-----\nb3BlbnNzaC1rZXktdjEAAAAABG5vbmUAAAAEbm9uZQAAAAAAAAABAAABFwAAAAdz\nc2gtcnNhAAAAAwEAAQAAAQEAyjvW7VfPjbZBbC1FB7eR0cnAcmVe8vzBtBKUvGRk\nUpUtQbpuaffG45pmxFmV/R4Lyi2TlHueRHiWsBo3XEtW4gyFGtDqJNj4+TexV8wo\nQMNupaW0qkSuC+VvpCmA79axfZTuOQdZFLq1e0Ni+oiJEeXFN/Gn/VCdUlb8xIT8\nGbEmEQ2C5807Hzl8bCynbFwN/KmOH95JciS8Ob+GUkS1YYLkHghNXB56d0+BMSIW\n6jWoKe6zYu3xeDuVvIRE1OTqH+jq0/+lSNjrZziX5KcTS7h04GbucMIEf9n/W5ZE\nIHbG+MGkLF3LegArz4UhKSGAIKA9iJwWgmHOuxs8oy5cDQAAA7h36l4Yd+peGAAA\nAAdzc2gtcnNhAAABAQDKO9btV8+NtkFsLUUHt5HRycByZV7y/MG0EpS8ZGRSlS1B\num5p98bjmmbEWZX9HgvKLZOUe55EeJawGjdcS1biDIUa0Ook2Pj5N7FXzChAw26l\npbSqRK4L5W+kKYDv1rF9lO45B1kUurV7Q2L6iIkR5cU38af9UJ1SVvzEhPwZsSYR\nDYLnzTsfOXxsLKdsXA38qY4f3klyJLw5v4ZSRLVhguQeCE1cHnp3T4ExIhbqNagp\n7rNi7fF4O5W8hETU5Oof6OrT/6VI2OtnOJfkpxNLuHTgZu5wwgR/2f9blkQgdsb4\nwaQsXct6ACvPhSEpIYAgoD2InBaCYc67GzyjLlwNAAAAAwEAAQAAAQAW+jM3y/J8\nPpkdUjbAeItxWL5sYPcnnYSL/KZ4keF80+U3TW2DzbqucS8Rn791FF0GOiUanuxY\nXukkFhPJ1pIxucwabrfZEEFC3ks111o6zYRR/stRozRb4VQiGfMZN6f6mu7G0lO9\nPAooTfuTd+rhpTJst6C8x9QwHvZg2l6Ns96YLS9mNpK3ho02bAtmQM7aS6NoPMZo\n+4qHtJAmHyCG3ABgCSYML40ltKqLkhZCS7ySv5XuoPP+oN21Lq60CRbNEFfGLXZ0\nuqj6kr7ioqZHAujI8dglD6w49/jZQnF890Cja2TyKP+G7CST2MMN4ol5f8gDFs+M\nW66IYQL3LbtjAAAAgAgpYs6TLav/BWn6qbNfz0Pi6TnnppnPejk/E5d4aN6jcsFW\nMvf3qhh0khUuNVM2UAgOxX45PZX59oqAV1J0epco9IeVqi9WOmwds7rdUSYZDgx7\n0VIdK/FQAnPAGbe4n/DnmWOj2DRnpCeCU7nSFfoU6pWGXDNAase5/5LOJ4qrAAAA\ngQDS33DczHEOlCfPpjP+HwfYI7z0mYUAAksf/OTUHf7tgbU1Mhjs+hR/Qv7mpyb/\n91FvLTCfGJ2ZhxCH6Q6MmxwlpvSG8x2MJntI/TjdpgGS2xUSI39eJXocHtQeos9C\nyRpWwbCnLl3AEkqvZZykw+45SPlPxnE2695peFPWSrhtzwAAAIEA9YMcntbHRrKH\nNliiPdqfwcm798Jb1OcE1k2PT6/37AIYvQt6Xd4RSvOeL2n0+dDQsv8/LROi39xr\nOXD1eWxHUJbNl5AAZ8ciWDJS+AqTnZgylIIU2zqPrYtGcEAyQE5JtYT83QLWllCf\nYSxuOloQUSZCVQj3ypH2IaZ5VWmcC2MAAAAAAQID\n-----END OPENSSH PRIVATE KEY-----\n",
            "private_key_pem": "-----BEGIN RSA PRIVATE KEY-----\nMIIEogIBAAKCAQEAyjvW7VfPjbZBbC1FB7eR0cnAcmVe8vzBtBKUvGRkUpUtQbpu\naffG45pmxFmV/R4Lyi2TlHueRHiWsBo3XEtW4gyFGtDqJNj4+TexV8woQMNupaW0\nqkSuC+VvpCmA79axfZTuOQdZFLq1e0Ni+oiJEeXFN/Gn/VCdUlb8xIT8GbEmEQ2C\n5807Hzl8bCynbFwN/KmOH95JciS8Ob+GUkS1YYLkHghNXB56d0+BMSIW6jWoKe6z\nYu3xeDuVvIRE1OTqH+jq0/+lSNjrZziX5KcTS7h04GbucMIEf9n/W5ZEIHbG+MGk\nLF3LegArz4UhKSGAIKA9iJwWgmHOuxs8oy5cDQIDAQABAoIBABb6MzfL8nw+mR1S\nNsB4i3FYvmxg9yedhIv8pniR4XzT5TdNbYPNuq5xLxGfv3UUXQY6JRqe7Fhe6SQW\nE8nWkjG5zBput9kQQULeSzXXWjrNhFH+y1GjNFvhVCIZ8xk3p/qa7sbSU708CihN\n+5N36uGlMmy3oLzH1DAe9mDaXo2z3pgtL2Y2kreGjTZsC2ZAztpLo2g8xmj7ioe0\nkCYfIIbcAGAJJgwvjSW0qouSFkJLvJK/le6g8/6g3bUurrQJFs0QV8YtdnS6qPqS\nvuKipkcC6Mjx2CUPrDj3+NlCcXz3QKNrZPIo/4bsJJPYww3iiXl/yAMWz4xbrohh\nAvctu2MCgYEA0t9w3MxxDpQnz6Yz/h8H2CO89JmFAAJLH/zk1B3+7YG1NTIY7PoU\nf0L+5qcm//dRby0wnxidmYcQh+kOjJscJab0hvMdjCZ7SP043aYBktsVEiN/XiV6\nHB7UHqLPQskaVsGwpy5dwBJKr2WcpMPuOUj5T8ZxNuveaXhT1kq4bc8CgYEA9YMc\nntbHRrKHNliiPdqfwcm798Jb1OcE1k2PT6/37AIYvQt6Xd4RSvOeL2n0+dDQsv8/\nLROi39xrOXD1eWxHUJbNl5AAZ8ciWDJS+AqTnZgylIIU2zqPrYtGcEAyQE5JtYT8\n3QLWllCfYSxuOloQUSZCVQj3ypH2IaZ5VWmcC2MCgYAx0Kse3gUPRpypB0BdFgOK\nYdbviZzLxb7tjZaZLYTdorimGnGc+e8BqVgCMRabfVd1hh1oWC5S6H9VPA891B6w\nHmLBxokCZMzXD0rxwZe5k5vErzIVkZDpN7cwjZGc21kniZYryF5JU4jlKoH4wnhy\ne/S5jc2NBeeCzvQvOXOcLQKBgAgJF4m3W+RbeYN02TKPEkWEdcuBKAJK4WSmOzeP\nedzWoLqnQoUJ/KToXlgM7sCybfI92nJ+Pwl2rGe/47jqq1be6LG6O9kpsl0SoJaP\nug8haR5lN4uJWiSC93Y7E6n5Jf5z8NbG/gEDeIP0sVLlmb0eNHOWDI4rwtONIFGE\nWGAjAoGACClizpMtq/8Fafqps1/PQ+LpOeemmc96OT8Tl3ho3qNywVYy9/eqGHSS\nFS41UzZQCA7Ffjk9lfn2ioBXUnR6lyj0h5WqL1Y6bB2zut1RJhkODHvRUh0r8VAC\nc8AZt7if8OeZY6PYNGekJ4JTudIV+hTqlYZcM0Bqx7n/ks4niqs=\n-----END RSA PRIVATE KEY-----\n",
            "private_key_pem_pkcs8": "-----BEGIN PRIVATE KEY-----\nMIIEvAIBADANBgkqhkiG9w0BAQEFAASCBKYwggSiAgEAAoIBAQDKO9btV8+NtkFs\nLUUHt5HRycByZV7y/MG0EpS8ZGRSlS1Bum5p98bjmmbEWZX9HgvKLZOUe55EeJaw\nGjdcS1biDIUa0Ook2Pj5N7FXzChAw26lpbSqRK4L5W+kKYDv1rF9lO45B1kUurV7\nQ2L6iIkR5cU38af9UJ1SVvzEhPwZsSYRDYLnzTsfOXxsLKdsXA38qY4f3klyJLw5\nv4ZSRLVhguQeCE1cHnp3T4ExIhbqNagp7rNi7fF4O5W8hETU5Oof6OrT/6VI2Otn\nOJfkpxNLuHTgZu5wwgR/2f9blkQgdsb4waQsXct6ACvPhSEpIYAgoD2InBaCYc67\nGzyjLlwNAgMBAAECggEAFvozN8vyfD6ZHVI2wHiLcVi+bGD3J52Ei/ymeJHhfNPl\nN01tg826rnEvEZ+/dRRdBjolGp7sWF7pJBYTydaSMbnMGm632RBBQt5LNddaOs2E\nUf7LUaM0W+FUIhnzGTen+pruxtJTvTwKKE37k3fq4aUybLegvMfUMB72YNpejbPe\nmC0vZjaSt4aNNmwLZkDO2kujaDzGaPuKh7SQJh8ghtwAYAkmDC+NJbSqi5IWQku8\nkr+V7qDz/qDdtS6utAkWzRBXxi12dLqo+pK+4qKmRwLoyPHYJQ+sOPf42UJxfPdA\no2tk8ij/huwkk9jDDeKJeX/IAxbPjFuuiGEC9y27YwKBgQDS33DczHEOlCfPpjP+\nHwfYI7z0mYUAAksf/OTUHf7tgbU1Mhjs+hR/Qv7mpyb/91FvLTCfGJ2ZhxCH6Q6M\nmxwlpvSG8x2MJntI/TjdpgGS2xUSI39eJXocHtQeos9CyRpWwbCnLl3AEkqvZZyk\nw+45SPlPxnE2695peFPWSrhtzwKBgQD1gxye1sdGsoc2WKI92p/Bybv3wlvU5wTW\nTY9Pr/fsAhi9C3pd3hFK854vafT50NCy/z8tE6Lf3Gs5cPV5bEdQls2XkABnxyJY\nMlL4CpOdmDKUghTbOo+ti0ZwQDJATkm1hPzdAtaWUJ9hLG46WhBRJkJVCPfKkfYh\npnlVaZwLYwKBgDHQqx7eBQ9GnKkHQF0WA4ph1u+JnMvFvu2NlpkthN2iuKYacZz5\n7wGpWAIxFpt9V3WGHWhYLlLof1U8Dz3UHrAeYsHGiQJkzNcPSvHBl7mTm8SvMhWR\nkOk3tzCNkZzbWSeJlivIXklTiOUqgfjCeHJ79LmNzY0F54LO9C85c5wtAoGACAkX\nibdb5Ft5g3TZMo8SRYR1y4EoAkrhZKY7N4953NaguqdChQn8pOheWAzuwLJt8j3a\ncn4/CXasZ7/juOqrVt7osbo72SmyXRKglo+6DyFpHmU3i4laJIL3djsTqfkl/nPw\n1sb+AQN4g/SxUuWZvR40c5YMjivC040gUYRYYCMCgYAIKWLOky2r/wVp+qmzX89D\n4uk556aZz3o5PxOXeGjeo3LBVjL396oYdJIVLjVTNlAIDsV+OT2V+faKgFdSdHqX\nKPSHlaovVjpsHbO63VEmGQ4Me9FSHSvxUAJzwBm3uJ/w55ljo9g0Z6QnglO50hX6\nFOqVhlwzQGrHuf+SzieKqw==\n-----END PRIVATE KEY-----\n",
            "public_key_fingerprint_md5": "47:d7:a5:d3:25:b9:73:33:83:c8:71:72:00:66:19:45",
            "public_key_fingerprint_sha256": "SHA256:6TAvCvY3vDzdfGCDbxigjKnTKRc4dCk+qKwP1KKzRcA",
            "public_key_openssh": "ssh-rsa AAAAB3NzaC1yc2EAAAADAQABAAABAQDKO9btV8+NtkFsLUUHt5HRycByZV7y/MG0EpS8ZGRSlS1Bum5p98bjmmbEWZX9HgvKLZOUe55EeJawGjdcS1biDIUa0Ook2Pj5N7FXzChAw26lpbSqRK4L5W+kKYDv1rF9lO45B1kUurV7Q2L6iIkR5cU38af9UJ1SVvzEhPwZsSYRDYLnzTsfOXxsLKdsXA38qY4f3klyJLw5v4ZSRLVhguQeCE1cHnp3T4ExIhbqNagp7rNi7fF4O5W8hETU5Oof6OrT/6VI2OtnOJfkpxNLuHTgZu5wwgR/2f9blkQgdsb4waQsXct6ACvPhSEpIYAgoD2InBaCYc67GzyjLlwN\n",
            "public_key_pem": "-----BEGIN PUBLIC KEY-----\nMIIBIjANBgkqhkiG9w0BAQEFAAOCAQ8AMIIBCgKCAQEAyjvW7VfPjbZBbC1FB7eR\n0cnAcmVe8vzBtBKUvGRkUpUtQbpuaffG45pmxFmV/R4Lyi2TlHueRHiWsBo3XEtW\n4gyFGtDqJNj4+TexV8woQMNupaW0qkSuC+VvpCmA79axfZTuOQdZFLq1e0Ni+oiJ\nEeXFN/Gn/VCdUlb8xIT8GbEmEQ2C5807Hzl8bCynbFwN/KmOH95JciS8Ob+GUkS1\nYYLkHghNXB56d0+BMSIW6jWoKe6zYu3xeDuVvIRE1OTqH+jq0/+lSNjrZziX5KcT\nS7h04GbucMIEf9n/W5ZEIHbG+MGkLF3LegArz4UhKSGAIKA9iJwWgmHOuxs8oy5c\nDQIDAQAB\n-----END PUBLIC KEY-----\n",
            "rsa_bits": 2048
          },
          "sensitive_attributes": [
            [
              {
                "type": "get_attr",
                "value": "private_key_openssh"
              }
            ],
            [
              {
                "type": "get_attr",
                "value": "private_key_pem"
              }
            ],
            [
              {
                "type": "get_attr",
                "value": "private_key_pem_pkcs8"
              }
            ]
          ],
          "identity_schema_version": 0
        }
      ]
    },
    {
      "module": "module.security_group",
      "mode": "managed",
      "type": "aws_security_group",
      "name": "this",
      "provider": "provider[\"registry.terraform.io/hashicorp/aws\"]",
      "instances": [
        {
          "schema_version": 1,
          "attributes": {
            "arn": "arn:aws:ec2:eu-west-3:619601630036:security-group/sg-0e4e633e88c13bc3a",
            "description": "security-group for ec2 instances",
            "egress": [
              {
                "cidr_blocks": [
                  "0.0.0.0/0"
                ],
                "description": "",
                "from_port": 0,
                "ipv6_cidr_blocks": [
                  "::/0"
                ],
                "prefix_list_ids": [],
                "protocol": "-1",
                "security_groups": [],
                "self": false,
                "to_port": 0
              }
            ],
            "id": "sg-0e4e633e88c13bc3a",
            "ingress": [
              {
                "cidr_blocks": [
                  "0.0.0.0/0"
                ],
                "description": "",
                "from_port": 22,
                "ipv6_cidr_blocks": [
                  "::/0"
                ],
                "prefix_list_ids": [],
                "protocol": "tcp",
                "security_groups": [],
                "self": false,
                "to_port": 22
              },
              {
                "cidr_blocks": [
                  "0.0.0.0/0"
                ],
                "description": "",
                "from_port": 443,
                "ipv6_cidr_blocks": [
                  "::/0"
                ],
                "prefix_list_ids": [],
                "protocol": "tcp",
                "security_groups": [],
                "self": false,
                "to_port": 443
              },
              {
                "cidr_blocks": [
                  "0.0.0.0/0"
                ],
                "description": "",
                "from_port": 5050,
                "ipv6_cidr_blocks": [
                  "::/0"
                ],
                "prefix_list_ids": [],
                "protocol": "tcp",
                "security_groups": [],
                "self": false,
                "to_port": 5050
              },
              {
                "cidr_blocks": [
                  "0.0.0.0/0"
                ],
                "description": "",
                "from_port": 6443,
                "ipv6_cidr_blocks": [
                  "::/0"
                ],
                "prefix_list_ids": [],
                "protocol": "tcp",
                "security_groups": [],
                "self": false,
                "to_port": 6443
              },
              {
                "cidr_blocks": [
                  "0.0.0.0/0"
                ],
                "description": "",
                "from_port": 8069,
                "ipv6_cidr_blocks": [
                  "::/0"
                ],
                "prefix_list_ids": [],
                "protocol": "tcp",
                "security_groups": [],
                "self": false,
                "to_port": 8069
              },
              {
                "cidr_blocks": [
                  "0.0.0.0/0"
                ],
                "description": "",
                "from_port": 8080,
                "ipv6_cidr_blocks": [
                  "::/0"
                ],
                "prefix_list_ids": [],
                "protocol": "tcp",
                "security_groups": [],
                "self": false,
                "to_port": 8080
              },
              {
                "cidr_blocks": [
                  "0.0.0.0/0"
                ],
                "description": "",
                "from_port": 8081,
                "ipv6_cidr_blocks": [
                  "::/0"
                ],
                "prefix_list_ids": [],
                "protocol": "tcp",
                "security_groups": [],
                "self": false,
                "to_port": 8081
              },
              {
                "cidr_blocks": [
                  "0.0.0.0/0"
                ],
                "description": "",
                "from_port": 80,
                "ipv6_cidr_blocks": [
                  "::/0"
                ],
                "prefix_list_ids": [],
                "protocol": "tcp",
                "security_groups": [],
                "self": false,
                "to_port": 80
              }
            ],
            "name": "my-security-group",
            "name_prefix": "",
            "owner_id": "619601630036",
            "region": "eu-west-3",
            "revoke_rules_on_delete": false,
            "tags": {
              "Environnement": "development",
              "Name": "vm_dev-sg",
              "Project": "vm_dev"
            },
            "tags_all": {
              "Environnement": "development",
              "Name": "vm_dev-sg",
              "Project": "vm_dev"
            },
            "timeouts": null,
            "vpc_id": "vpc-0fbba8c0dd64fd9f6"
          },
          "sensitive_attributes": [],
          "identity_schema_version": 0,
          "identity": {
            "account_id": "619601630036",
            "id": "sg-0e4e633e88c13bc3a",
            "region": "eu-west-3"
          },
          "private": "eyJlMmJmYjczMC1lY2FhLTExZTYtOGY4OC0zNDM2M2JjN2M0YzAiOnsiY3JlYXRlIjo2MDAwMDAwMDAwMDAsImRlbGV0ZSI6OTAwMDAwMDAwMDAwfSwic2NoZW1hX3ZlcnNpb24iOiIxIn0="
        }
      ]
    }
  ],
  "check_results": [
    {
      "object_kind": "var",
      "config_addr": "var.script_name",
      "status": "pass",
      "objects": [
        {
          "object_addr": "var.script_name",
          "status": "pass"
        }
      ]
    }
  ]
}
